
Microsoft Visual Studio Solution File, Format Version 12.00
# Visual Studio Version 16
VisualStudioVersion = 16.0.30523.141
MinimumVisualStudioVersion = 10.0.40219.1
Project("{FAE04EC0-301F-11D3-BF4B-00C04F79EFBC}") = "AppalachianTrail", "AppalachianTrail\AppalachianTrail.csproj", "{FCAAAD50-F0E7-453C-B5FA-0B90C17357EB}"
EndProject
Global
	GlobalSection(SolutionConfigurationPlatforms) = preSolution
		Debug|Any CPU = Debug|Any CPU
		Release|Any CPU = Release|Any CPU
	EndGlobalSection
	GlobalSection(ProjectConfigurationPlatforms) = postSolution
		{FCAAAD50-F0E7-453C-B5FA-0B90C17357EB}.Debug|Any CPU.ActiveCfg = Debug|Any CPU
		{FCAAAD50-F0E7-453C-B5FA-0B90C17357EB}.Debug|Any CPU.Build.0 = Debug|Any CPU
		{FCAAAD50-F0E7-453C-B5FA-0B90C17357EB}.Release|Any CPU.ActiveCfg = Release|Any CPU
		{FCAAAD50-F0E7-453C-B5FA-0B90C17357EB}.Release|Any CPU.Build.0 = Release|Any CPU
	EndGlobalSection
	GlobalSection(SolutionProperties) = preSolution
		HideSolutionNode = FALSE
	EndGlobalSection
	GlobalSection(ExtensibilityGlobals) = postSolution
		SolutionGuid = {A4A07107-25D5-4734-8F71-926A83BEED06}
	EndGlobalSection
EndGlobal
